
Microsoft Visual Studio Solution File, Format Version 12.00
# Visual Studio Version 16
VisualStudioVersion = 16.0.31019.35
MinimumVisualStudioVersion = 10.0.40219.1
Project("{FAE04EC0-301F-11D3-BF4B-00C04F79EFBC}") = "DGP.Testing.App", "DGP.Testing.App\DGP.Testing.App.csproj", "{88E5B8F5-ED23-4344-A38D-50D5E51A92CC}"
EndProject
Global
	GlobalSection(SolutionConfigurationPlatforms) = preSolution
		Debug|Any CPU = Debug|Any CPU
		Release|Any CPU = Release|Any CPU
	EndGlobalSection
	GlobalSection(ProjectConfigurationPlatforms) = postSolution
		{88E5B8F5-ED23-4344-A38D-50D5E51A92CC}.Debug|Any CPU.ActiveCfg = Debug|Any CPU
		{88E5B8F5-ED23-4344-A38D-50D5E51A92CC}.Debug|Any CPU.Build.0 = Debug|Any CPU
		{88E5B8F5-ED23-4344-A38D-50D5E51A92CC}.Release|Any CPU.ActiveCfg = Release|Any CPU
		{88E5B8F5-ED23-4344-A38D-50D5E51A92CC}.Release|Any CPU.Build.0 = Release|Any CPU
	EndGlobalSection
	GlobalSection(SolutionProperties) = preSolution
		HideSolutionNode = FALSE
	EndGlobalSection
	GlobalSection(ExtensibilityGlobals) = postSolution
		SolutionGuid = {662D6E7A-A6DF-408B-8396-1B402B3220B1}
	EndGlobalSection
EndGlobal
